
Microsoft Visual Studio Solution File, Format Version 12.00
Project("{2150E333-8FDC-42A3-9474-1A3956D46DE8}") = "src", "src", "{1F0E16D2-C513-4A79-AEF9-BC56AA9AF166}"
EndProject
Project("{2150E333-8FDC-42A3-9474-1A3956D46DE8}") = "test", "test", "{4C9993EB-41CF-4E2A-A7CC-96A50570159F}"
EndProject
Project("{FAE04EC0-301F-11D3-BF4B-00C04F79EFBC}") = "AspNetCore.TestStartup.UnitTests", "test\AspNetCore.TestStartup.UnitTests\AspNetCore.TestStartup.UnitTests.csproj", "{8590E8D8-22BB-4ABF-8958-BDB94EEABF48}"
EndProject
Project("{2150E333-8FDC-42A3-9474-1A3956D46DE8}") = "root", "root", "{935D6459-0403-43CC-878E-664B8812F6E0}"
ProjectSection(SolutionItems) = preProject
	appveyor.yml = appveyor.yml
	License.md = License.md
	README.md = README.md
EndProjectSection
EndProject
Project("{FAE04EC0-301F-11D3-BF4B-00C04F79EFBC}") = "AspNetCore.TestStartup", "src\AspNetCore.TestStartup\AspNetCore.TestStartup.csproj", "{34A55BDC-78E7-4A8A-8306-F95EDAE29C4C}"
EndProject
Global
	GlobalSection(SolutionConfigurationPlatforms) = preSolution
		Debug|Any CPU = Debug|Any CPU
		Release|Any CPU = Release|Any CPU
	EndGlobalSection
	GlobalSection(ProjectConfigurationPlatforms) = postSolution
		{8590E8D8-22BB-4ABF-8958-BDB94EEABF48}.Debug|Any CPU.ActiveCfg = Debug|Any CPU
		{8590E8D8-22BB-4ABF-8958-BDB94EEABF48}.Debug|Any CPU.Build.0 = Debug|Any CPU
		{8590E8D8-22BB-4ABF-8958-BDB94EEABF48}.Release|Any CPU.ActiveCfg = Release|Any CPU
		{8590E8D8-22BB-4ABF-8958-BDB94EEABF48}.Release|Any CPU.Build.0 = Release|Any CPU
		{34A55BDC-78E7-4A8A-8306-F95EDAE29C4C}.Debug|Any CPU.ActiveCfg = Debug|Any CPU
		{34A55BDC-78E7-4A8A-8306-F95EDAE29C4C}.Debug|Any CPU.Build.0 = Debug|Any CPU
		{34A55BDC-78E7-4A8A-8306-F95EDAE29C4C}.Release|Any CPU.ActiveCfg = Release|Any CPU
		{34A55BDC-78E7-4A8A-8306-F95EDAE29C4C}.Release|Any CPU.Build.0 = Release|Any CPU
	EndGlobalSection
	GlobalSection(NestedProjects) = preSolution
		{8590E8D8-22BB-4ABF-8958-BDB94EEABF48} = {4C9993EB-41CF-4E2A-A7CC-96A50570159F}
		{34A55BDC-78E7-4A8A-8306-F95EDAE29C4C} = {1F0E16D2-C513-4A79-AEF9-BC56AA9AF166}
	EndGlobalSection
EndGlobal
